// !$*UTF8*$!
{
	archiveVersion = 1;
	classes = {
	};
	objectVersion = 51;
	objects = {

/* Begin PBXBuildFile section */
		8E70867C26A543CC009039FB /* AppDelegate.swift in Sources */ = {isa = PBXBuildFile; fileRef = 8E70867B26A543CC009039FB /* AppDelegate.swift */; };
		8E70867E26A543CC009039FB /* SceneDelegate.swift in Sources */ = {isa = PBXBuildFile; fileRef = 8E70867D26A543CC009039FB /* SceneDelegate.swift */; };
		8E70868326A543CC009039FB /* Main.storyboard in Resources */ = {isa = PBXBuildFile; fileRef = 8E70868126A543CC009039FB /* Main.storyboard */; };
		8E70868526A543CF009039FB /* Assets.xcassets in Resources */ = {isa = PBXBuildFile; fileRef = 8E70868426A543CF009039FB /* Assets.xcassets */; };
		8E70868826A543CF009039FB /* LaunchScreen.storyboard in Resources */ = {isa = PBXBuildFile; fileRef = 8E70868626A543CF009039FB /* LaunchScreen.storyboard */; };
		8E70869326A55773009039FB /* SwipeTableViewDemo in Resources */ = {isa = PBXBuildFile; fileRef = 8E70869226A55773009039FB /* SwipeTableViewDemo */; };
		8E70869526A557A3009039FB /* Main.storyboard in Resources */ = {isa = PBXBuildFile; fileRef = 8E70869426A557A3009039FB /* Main.storyboard */; };
		8E70869726A5588D009039FB /* collectionViewTest.swift in Sources */ = {isa = PBXBuildFile; fileRef = 8E70869626A5588D009039FB /* collectionViewTest.swift */; };
		D618763783B11E169209349E /* Pods_collectionViewTest.framework in Frameworks */ = {isa = PBXBuildFile; fileRef = 7F8EC1D8A9E5ED6E030D43AA /* Pods_collectionViewTest.framework */; };
/* End PBXBuildFile section */

/* Begin PBXFileReference section */
		7F8EC1D8A9E5ED6E030D43AA /* Pods_collectionViewTest.framework */ = {isa = PBXFileReference; explicitFileType = wrapper.framework; includeInIndex = 0; path = Pods_collectionViewTest.framework; sourceTree = BUILT_PRODUCTS_DIR; };
		8E70867826A543CC009039FB /* collectionViewTest.app */ = {isa = PBXFileReference; explicitFileType = wrapper.application; includeInIndex = 0; path = collectionViewTest.app; sourceTree = BUILT_PRODUCTS_DIR; };
		8E70867B26A543CC009039FB /* AppDelegate.swift */ = {isa = PBXFileReference; lastKnownFileType = sourcecode.swift; path = AppDelegate.swift; sourceTree = "<group>"; };
		8E70867D26A543CC009039FB /* SceneDelegate.swift */ = {isa = PBXFileReference; lastKnownFileType = sourcecode.swift; path = SceneDelegate.swift; sourceTree = "<group>"; };
		8E70868226A543CC009039FB /* Base */ = {isa = PBXFileReference; lastKnownFileType = file.storyboard; name = Base; path = Base.lproj/Main.storyboard; sourceTree = "<group>"; };
		8E70868426A543CF009039FB /* Assets.xcassets */ = {isa = PBXFileReference; lastKnownFileType = folder.assetcatalog; path = Assets.xcassets; sourceTree = "<group>"; };
		8E70868726A543CF009039FB /* Base */ = {isa = PBXFileReference; lastKnownFileType = file.storyboard; name = Base; path = Base.lproj/LaunchScreen.storyboard; sourceTree = "<group>"; };
		8E70868926A543CF009039FB /* Info.plist */ = {isa = PBXFileReference; lastKnownFileType = text.plist.xml; path = Info.plist; sourceTree = "<group>"; };
		8E70869226A55773009039FB /* SwipeTableViewDemo */ = {isa = PBXFileReference; lastKnownFileType = folder; path = SwipeTableViewDemo; sourceTree = "<group>"; };
		8E70869426A557A3009039FB /* Main.storyboard */ = {isa = PBXFileReference; fileEncoding = 4; lastKnownFileType = file.storyboard; path = Main.storyboard; sourceTree = "<group>"; };
		8E70869626A5588D009039FB /* collectionViewTest.swift */ = {isa = PBXFileReference; lastKnownFileType = sourcecode.swift; path = collectionViewTest.swift; sourceTree = "<group>"; };
		C980E84BE6E9518534564C7F /* Pods-collectionViewTest.release.xcconfig */ = {isa = PBXFileReference; includeInIndex = 1; lastKnownFileType = text.xcconfig; name = "Pods-collectionViewTest.release.xcconfig"; path = "Target Support Files/Pods-collectionViewTest/Pods-collectionViewTest.release.xcconfig"; sourceTree = "<group>"; };
		FC93CEF03956DB1B0386ADA1 /* Pods-collectionViewTest.debug.xcconfig */ = {isa = PBXFileReference; includeInIndex = 1; lastKnownFileType = text.xcconfig; name = "Pods-collectionViewTest.debug.xcconfig"; path = "Target Support Files/Pods-collectionViewTest/Pods-collectionViewTest.debug.xcconfig"; sourceTree = "<group>"; };
/* End PBXFileReference section */

/* Begin PBXFrameworksBuildPhase section */
		8E70867526A543CC009039FB /* Frameworks */ = {
			isa = PBXFrameworksBuildPhase;
			buildActionMask = 2147483647;
			files = (
				D618763783B11E169209349E /* Pods_collectionViewTest.framework in Frameworks */,
			);
			runOnlyForDeploymentPostprocessing = 0;
		};
/* End PBXFrameworksBuildPhase section */

/* Begin PBXGroup section */
		032BF8F8455C12797DC2C20B /* Pods */ = {
			isa = PBXGroup;
			children = (
				FC93CEF03956DB1B0386ADA1 /* Pods-collectionViewTest.debug.xcconfig */,
				C980E84BE6E9518534564C7F /* Pods-collectionViewTest.release.xcconfig */,
			);
			path = Pods;
			sourceTree = "<group>";
		};
		8E70866F26A543CC009039FB = {
			isa = PBXGroup;
			children = (
				8E70867A26A543CC009039FB /* collectionViewTest */,
				8E70867926A543CC009039FB /* Products */,
				032BF8F8455C12797DC2C20B /* Pods */,
				F5BE1756CF36099248979BBC /* Frameworks */,
			);
			sourceTree = "<group>";
		};
		8E70867926A543CC009039FB /* Products */ = {
			isa = PBXGroup;
			children = (
				8E70867826A543CC009039FB /* collectionViewTest.app */,
			);
			name = Products;
			sourceTree = "<group>";
		};
		8E70867A26A543CC009039FB /* collectionViewTest */ = {
			isa = PBXGroup;
			children = (
				8E70869226A55773009039FB /* SwipeTableViewDemo */,
				8E70867B26A543CC009039FB /* AppDelegate.swift */,
				8E70867D26A543CC009039FB /* SceneDelegate.swift */,
				8E70868126A543CC009039FB /* Main.storyboard */,
				8E70869426A557A3009039FB /* Main.storyboard */,
				8E70868426A543CF009039FB /* Assets.xcassets */,
				8E70868626A543CF009039FB /* LaunchScreen.storyboard */,
				8E70868926A543CF009039FB /* Info.plist */,
				8E70869626A5588D009039FB /* collectionViewTest.swift */,
			);
			path = collectionViewTest;
			sourceTree = "<group>";
		};
		F5BE1756CF36099248979BBC /* Frameworks */ = {
			isa = PBXGroup;
			children = (
				7F8EC1D8A9E5ED6E030D43AA /* Pods_collectionViewTest.framework */,
			);
			name = Frameworks;
			sourceTree = "<group>";
		};
/* End PBXGroup section */

/* Begin PBXNativeTarget section */
		8E70867726A543CC009039FB /* collectionViewTest */ = {
			isa = PBXNativeTarget;
			buildConfigurationList = 8E70868C26A543CF009039FB /* Build configuration list for PBXNativeTarget "collectionViewTest" */;
			buildPhases = (
				F12097C0960C7E1E7E085163 /* [CP] Check Pods Manifest.lock */,
				8E70867426A543CC009039FB /* Sources */,
				8E70867526A543CC009039FB /* Frameworks */,
				8E70867626A543CC009039FB /* Resources */,
				BE665F8726ADF2C6633EC0F0 /* [CP] Embed Pods Frameworks */,
			);
			buildRules = (
			);
			dependencies = (
			);
			name = collectionViewTest;
			productName = collectionViewTest;
			productReference = 8E70867826A543CC009039FB /* collectionViewTest.app */;
			productType = "com.apple.product-type.application";
		};
/* End PBXNativeTarget section */

/* Begin PBXProject section */
		8E70867026A543CC009039FB /* Project object */ = {
			isa = PBXProject;
			attributes = {
				LastSwiftUpdateCheck = 1250;
				LastUpgradeCheck = 1250;
				TargetAttributes = {
					8E70867726A543CC009039FB = {
						CreatedOnToolsVersion = 12.5;
					};
				};
			};
			buildConfigurationList = 8E70867326A543CC009039FB /* Build configuration list for PBXProject "collectionViewTest" */;
			compatibilityVersion = "Xcode 9.3";
			developmentRegion = en;
			hasScannedForEncodings = 0;
			knownRegions = (
				en,
				Base,
			);
			mainGroup = 8E70866F26A543CC009039FB;
			productRefGroup = 8E70867926A543CC009039FB /* Products */;
			projectDirPath = "";
			projectRoot = "";
			targets = (
				8E70867726A543CC009039FB /* collectionViewTest */,
			);
		};
/* End PBXProject section */

/* Begin PBXResourcesBuildPhase section */
		8E70867626A543CC009039FB /* Resources */ = {
			isa = PBXResourcesBuildPhase;
			buildActionMask = 2147483647;
			files = (
				8E70868826A543CF009039FB /* LaunchScreen.storyboard in Resources */,
				8E70869526A557A3009039FB /* Main.storyboard in Resources */,
				8E70868526A543CF009039FB /* Assets.xcassets in Resources */,
				8E70869326A55773009039FB /* SwipeTableViewDemo in Resources */,
				8E70868326A543CC009039FB /* Main.storyboard in Resources */,
			);
			runOnlyForDeploymentPostprocessing = 0;
		};
/* End PBXResourcesBuildPhase section */

/* Begin PBXShellScriptBuildPhase section */
		BE665F8726ADF2C6633EC0F0 /* [CP] Embed Pods Frameworks */ = {
			isa = PBXShellScriptBuildPhase;
			buildActionMask = 2147483647;
			files = (
			);
			inputFileListPaths = (
				"${PODS_ROOT}/Target Support Files/Pods-collectionViewTest/Pods-collectionViewTest-frameworks-${CONFIGURATION}-input-files.xcfilelist",
			);
			name = "[CP] Embed Pods Frameworks";
			outputFileListPaths = (
				"${PODS_ROOT}/Target Support Files/Pods-collectionViewTest/Pods-collectionViewTest-frameworks-${CONFIGURATION}-output-files.xcfilelist",
			);
			runOnlyForDeploymentPostprocessing = 0;
			shellPath = /bin/sh;
			shellScript = "\"${PODS_ROOT}/Target Support Files/Pods-collectionViewTest/Pods-collectionViewTest-frameworks.sh\"\n";
			showEnvVarsInLog = 0;
		};
		F12097C0960C7E1E7E085163 /* [CP] Check Pods Manifest.lock */ = {
			isa = PBXShellScriptBuildPhase;
			buildActionMask = 2147483647;
			files = (
			);
			inputFileListPaths = (
			);
			inputPaths = (
				"${PODS_PODFILE_DIR_PATH}/Podfile.lock",
				"${PODS_ROOT}/Manifest.lock",
			);
			name = "[CP] Check Pods Manifest.lock";
			outputFileListPaths = (
			);
			outputPaths = (
				"$(DERIVED_FILE_DIR)/Pods-collectionViewTest-checkManifestLockResult.txt",
			);
			runOnlyForDeploymentPostprocessing = 0;
			shellPath = /bin/sh;
			shellScript = "diff \"${PODS_PODFILE_DIR_PATH}/Podfile.lock\" \"${PODS_ROOT}/Manifest.lock\" > /dev/null\nif [ $? != 0 ] ; then\n    # print error to STDERR\n    echo \"error: The sandbox is not in sync with the Podfile.lock. Run 'pod install' or update your CocoaPods installation.\" >&2\n    exit 1\nfi\n# This output is used by Xcode 'outputs' to avoid re-running this script phase.\necho \"SUCCESS\" > \"${SCRIPT_OUTPUT_FILE_0}\"\n";
			showEnvVarsInLog = 0;
		};
/* End PBXShellScriptBuildPhase section */

/* Begin PBXSourcesBuildPhase section */
		8E70867426A543CC009039FB /* Sources */ = {
			isa = PBXSourcesBuildPhase;
			buildActionMask = 2147483647;
			files = (
				8E70869726A5588D009039FB /* collectionViewTest.swift in Sources */,
				8E70867C26A543CC009039FB /* AppDelegate.swift in Sources */,
				8E70867E26A543CC009039FB /* SceneDelegate.swift in Sources */,
			);
			runOnlyForDeploymentPostprocessing = 0;
		};
/* End PBXSourcesBuildPhase section */

/* Begin PBXVariantGroup section */
		8E70868126A543CC009039FB /* Main.storyboard */ = {
			isa = PBXVariantGroup;
			children = (
				8E70868226A543CC009039FB /* Base */,
			);
			name = Main.storyboard;
			sourceTree = "<group>";
		};
		8E70868626A543CF009039FB /* LaunchScreen.storyboard */ = {
			isa = PBXVariantGroup;
			children = (
				8E70868726A543CF009039FB /* Base */,
			);
			name = LaunchScreen.storyboard;
			sourceTree = "<group>";
		};
/* End PBXVariantGroup section */

/* Begin XCBuildConfiguration section */
		8E70868A26A543CF009039FB /* Debug */ = {
			isa = XCBuildConfiguration;
			buildSettings = {
				ALWAYS_SEARCH_USER_PATHS = NO;
				CLANG_ANALYZER_NONNULL = YES;
				CLANG_ANALYZER_NUMBER_OBJECT_CONVERSION = YES_AGGRESSIVE;
				CLANG_CXX_LANGUAGE_STANDARD = "gnu++14";
				CLANG_CXX_LIBRARY = "libc++";
				CLANG_ENABLE_MODULES = YES;
				CLANG_ENABLE_OBJC_ARC = YES;
				CLANG_ENABLE_OBJC_WEAK = YES;
				CLANG_WARN_BLOCK_CAPTURE_AUTORELEASING = YES;
				CLANG_WARN_BOOL_CONVERSION = YES;
				CLANG_WARN_COMMA = YES;
				CLANG_WARN_CONSTANT_CONVERSION = YES;
				CLANG_WARN_DEPRECATED_OBJC_IMPLEMENTATIONS = YES;
				CLANG_WARN_DIRECT_OBJC_ISA_USAGE = YES_ERROR;
				CLANG_WARN_DOCUMENTATION_COMMENTS = YES;
				CLANG_WARN_EMPTY_BODY = YES;
				CLANG_WARN_ENUM_CONVERSION = YES;
				CLANG_WARN_INFINITE_RECURSION = YES;
				CLANG_WARN_INT_CONVERSION = YES;
				CLANG_WARN_NON_LITERAL_NULL_CONVERSION = YES;
				CLANG_WARN_OBJC_IMPLICIT_RETAIN_SELF = YES;
				CLANG_WARN_OBJC_LITERAL_CONVERSION = YES;
				CLANG_WARN_OBJC_ROOT_CLASS = YES_ERROR;
				CLANG_WARN_QUOTED_INCLUDE_IN_FRAMEWORK_HEADER = YES;
				CLANG_WARN_RANGE_LOOP_ANALYSIS = YES;
				CLANG_WARN_STRICT_PROTOTYPES = YES;
				CLANG_WARN_SUSPICIOUS_MOVE = YES;
				CLANG_WARN_UNGUARDED_AVAILABILITY = YES_AGGRESSIVE;
				CLANG_WARN_UNREACHABLE_CODE = YES;
				CLANG_WARN__DUPLICATE_METHOD_MATCH = YES;
				COPY_PHASE_STRIP = NO;
				DEBUG_INFORMATION_FORMAT = dwarf;
				ENABLE_STRICT_OBJC_MSGSEND = YES;
				ENABLE_TESTABILITY = YES;
				GCC_C_LANGUAGE_STANDARD = gnu11;
				GCC_DYNAMIC_NO_PIC = NO;
				GCC_NO_COMMON_BLOCKS = YES;
				GCC_OPTIMIZATION_LEVEL = 0;
				GCC_PREPROCESSOR_DEFINITIONS = (
					"DEBUG=1",
					"$(inherited)",
				);
				GCC_WARN_64_TO_32_BIT_CONVERSION = YES;
				GCC_WARN_ABOUT_RETURN_TYPE = YES_ERROR;
				GCC_WARN_UNDECLARED_SELECTOR = YES;
				GCC_WARN_UNINITIALIZED_AUTOS = YES_AGGRESSIVE;
				GCC_WARN_UNUSED_FUNCTION = YES;
				GCC_WARN_UNUSED_VARIABLE = YES;
				IPHONEOS_DEPLOYMENT_TARGET = 14.5;
				MTL_ENABLE_DEBUG_INFO = INCLUDE_SOURCE;
				MTL_FAST_MATH = YES;
				ONLY_ACTIVE_ARCH = YES;
				SDKROOT = iphoneos;
				SWIFT_ACTIVE_COMPILATION_CONDITIONS = DEBUG;
				SWIFT_OPTIMIZATION_LEVEL = "-Onone";
			};
			name = Debug;
		};
		8E70868B26A543CF009039FB /* Release */ = {
			isa = XCBuildConfiguration;
			buildSettings = {
				ALWAYS_SEARCH_USER_PATHS = NO;
				CLANG_ANALYZER_NONNULL = YES;
				CLANG_ANALYZER_NUMBER_OBJECT_CONVERSION = YES_AGGRESSIVE;
				CLANG_CXX_LANGUAGE_STANDARD = "gnu++14";
				CLANG_CXX_LIBRARY = "libc++";
				CLANG_ENABLE_MODULES = YES;
				CLANG_ENABLE_OBJC_ARC = YES;
				CLANG_ENABLE_OBJC_WEAK = YES;
				CLANG_WARN_BLOCK_CAPTURE_AUTORELEASING = YES;
				CLANG_WARN_BOOL_CONVERSION = YES;
				CLANG_WARN_COMMA = YES;
				CLANG_WARN_CONSTANT_CONVERSION = YES;
				CLANG_WARN_DEPRECATED_OBJC_IMPLEMENTATIONS = YES;
				CLANG_WARN_DIRECT_OBJC_ISA_USAGE = YES_ERROR;
				CLANG_WARN_DOCUMENTATION_COMMENTS = YES;
				CLANG_WARN_EMPTY_BODY = YES;
				CLANG_WARN_ENUM_CONVERSION = YES;
				CLANG_WARN_INFINITE_RECURSION = YES;
				CLANG_WARN_INT_CONVERSION = YES;
				CLANG_WARN_NON_LITERAL_NULL_CONVERSION = YES;
				CLANG_WARN_OBJC_IMPLICIT_RETAIN_SELF = YES;
				CLANG_WARN_OBJC_LITERAL_CONVERSION = YES;
				CLANG_WARN_OBJC_ROOT_CLASS = YES_ERROR;
				CLANG_WARN_QUOTED_INCLUDE_IN_FRAMEWORK_HEADER = YES;
				CLANG_WARN_RANGE_LOOP_ANALYSIS = YES;
				CLANG_WARN_STRICT_PROTOTYPES = YES;
				CLANG_WARN_SUSPICIOUS_MOVE = YES;
				CLANG_WARN_UNGUARDED_AVAILABILITY = YES_AGGRESSIVE;
				CLANG_WARN_UNREACHABLE_CODE = YES;
				CLANG_WARN__DUPLICATE_METHOD_MATCH = YES;
				COPY_PHASE_STRIP = NO;
				DEBUG_INFORMATION_FORMAT = "dwarf-with-dsym";
				ENABLE_NS_ASSERTIONS = NO;
				ENABLE_STRICT_OBJC_MSGSEND = YES;
				GCC_C_LANGUAGE_STANDARD = gnu11;
				GCC_NO_COMMON_BLOCKS = YES;
				GCC_WARN_64_TO_32_BIT_CONVERSION = YES;
				GCC_WARN_ABOUT_RETURN_TYPE = YES_ERROR;
				GCC_WARN_UNDECLARED_SELECTOR = YES;
				GCC_WARN_UNINITIALIZED_AUTOS = YES_AGGRESSIVE;
				GCC_WARN_UNUSED_FUNCTION = YES;
				GCC_WARN_UNUSED_VARIABLE = YES;
				IPHONEOS_DEPLOYMENT_TARGET = 14.5;
				MTL_ENABLE_DEBUG_INFO = NO;
				MTL_FAST_MATH = YES;
				SDKROOT = iphoneos;
				SWIFT_COMPILATION_MODE = wholemodule;
				SWIFT_OPTIMIZATION_LEVEL = "-O";
				VALIDATE_PRODUCT = YES;
			};
			name = Release;
		};
		8E70868D26A543CF009039FB /* Debug */ = {
			isa = XCBuildConfiguration;
			baseConfigurationReference = FC93CEF03956DB1B0386ADA1 /* Pods-collectionViewTest.debug.xcconfig */;
			buildSettings = {
				ASSETCATALOG_COMPILER_APPICON_NAME = AppIcon;
				ASSETCATALOG_COMPILER_GLOBAL_ACCENT_COLOR_NAME = AccentColor;
				CODE_SIGN_STYLE = Automatic;
				DEVELOPMENT_TEAM = GQ9ZUFA6ZL;
				INFOPLIST_FILE = collectionViewTest/Info.plist;
				LD_RUNPATH_SEARCH_PATHS = (
					"$(inherited)",
					"@executable_path/Frameworks",
				);
				PRODUCT_BUNDLE_IDENTIFIER = com.shsoft.collectionViewTest;
				PRODUCT_NAME = "$(TARGET_NAME)";
				SWIFT_VERSION = 5.0;
				TARGETED_DEVICE_FAMILY = "1,2";
			};
			name = Debug;
		};
		8E70868E26A543CF009039FB /* Release */ = {
			isa = XCBuildConfiguration;
			baseConfigurationReference = C980E84BE6E9518534564C7F /* Pods-collectionViewTest.release.xcconfig */;
			buildSettings = {
				ASSETCATALOG_COMPILER_APPICON_NAME = AppIcon;
				ASSETCATALOG_COMPILER_GLOBAL_ACCENT_COLOR_NAME = AccentColor;
				CODE_SIGN_STYLE = Automatic;
				DEVELOPMENT_TEAM = GQ9ZUFA6ZL;
				INFOPLIST_FILE = collectionViewTest/Info.plist;
				LD_RUNPATH_SEARCH_PATHS = (
					"$(inherited)",
					"@executable_path/Frameworks",
				);
				PRODUCT_BUNDLE_IDENTIFIER = com.shsoft.collectionViewTest;
				PRODUCT_NAME = "$(TARGET_NAME)";
				SWIFT_VERSION = 5.0;
				TARGETED_DEVICE_FAMILY = "1,2";
			};
			name = Release;
		};
/* End XCBuildConfiguration section */

/* Begin XCConfigurationList section */
		8E70867326A543CC009039FB /* Build configuration list for PBXProject "collectionViewTest" */ = {
			isa = XCConfigurationList;
			buildConfigurations = (
				8E70868A26A543CF009039FB /* Debug */,
				8E70868B26A543CF009039FB /* Release */,
			);
			defaultConfigurationIsVisible = 0;
			defaultConfigurationName = Release;
		};
		8E70868C26A543CF009039FB /* Build configuration list for PBXNativeTarget "collectionViewTest" */ = {
			isa = XCConfigurationList;
			buildConfigurations = (
				8E70868D26A543CF009039FB /* Debug */,
				8E70868E26A543CF009039FB /* Release */,
			);
			defaultConfigurationIsVisible = 0;
			defaultConfigurationName = Release;
		};
/* End XCConfigurationList section */
	};
	rootObject = 8E70867026A543CC009039FB /* Project object */;
}
